# This file is automatically @generated by Cargo.
# It is not intended for manual editing.
[[package]]
name = "add_getters_setters"
version = "1.1.2"
source = "registry+https://github.com/rust-lang/crates.io-index"
checksum = "efdf677ab1744b2b6026c4d148bc532f0497be585941ef600cab4c682904ea09"
dependencies = [
 "proc-macro2",
 "quote",
 "syn",
]

[[package]]
name = "ioctl-sys"
version = "0.5.2"
source = "registry+https://github.com/rust-lang/crates.io-index"
checksum = "5e2c4b26352496eaaa8ca7cfa9bd99e93419d3f7983dc6e99c2a35fe9e33504a"

[[package]]
name = "libc"
version = "0.2.69"
source = "registry+https://github.com/rust-lang/crates.io-index"
checksum = "99e85c08494b21a9054e7fe1374a732aeadaff3980b6990b94bfd3a70f690005"

[[package]]
name = "packet_crafter"
version = "0.1.7"
source = "registry+https://github.com/rust-lang/crates.io-index"
checksum = "f627f82e9ab4704ce094c9e72136c5eb2d5fc17bc8c6e29940e0f142d87b611a"
dependencies = [
 "add_getters_setters",
]

[[package]]
name = "proc-macro2"
version = "1.0.10"
source = "registry+https://github.com/rust-lang/crates.io-index"
checksum = "df246d292ff63439fea9bc8c0a270bed0e390d5ebd4db4ba15aba81111b5abe3"
dependencies = [
 "unicode-xid",
]

[[package]]
name = "quote"
version = "1.0.3"
source = "registry+https://github.com/rust-lang/crates.io-index"
checksum = "2bdc6c187c65bca4260c9011c9e3132efe4909da44726bad24cf7572ae338d7f"
dependencies = [
 "proc-macro2",
]

[[package]]
name = "rust-tcp"
version = "0.1.0"
dependencies = [
 "packet_crafter",
 "tun",
]

[[package]]
name = "syn"
version = "1.0.18"
source = "registry+https://github.com/rust-lang/crates.io-index"
checksum = "410a7488c0a728c7ceb4ad59b9567eb4053d02e8cc7f5c0e0eeeb39518369213"
dependencies = [
 "proc-macro2",
 "quote",
 "unicode-xid",
]

[[package]]
name = "thiserror"
version = "1.0.16"
source = "registry+https://github.com/rust-lang/crates.io-index"
checksum = "d12a1dae4add0f0d568eebc7bf142f145ba1aa2544cafb195c76f0f409091b60"
dependencies = [
 "thiserror-impl",
]

[[package]]
name = "thiserror-impl"
version = "1.0.16"
source = "registry+https://github.com/rust-lang/crates.io-index"
checksum = "3f34e0c1caaa462fd840ec6b768946ea1e7842620d94fe29d5b847138f521269"
dependencies = [
 "proc-macro2",
 "quote",
 "syn",
]

[[package]]
name = "tun"
version = "0.5.0"
source = "registry+https://github.com/rust-lang/crates.io-index"
checksum = "25229e5c4fd761c0e5cd7ae4dfcbaf0d98ded8a4367434f255639d6e554cf564"
dependencies = [
 "ioctl-sys",
 "libc",
 "thiserror",
]

[[package]]
name = "unicode-xid"
version = "0.2.0"
source = "registry+https://github.com/rust-lang/crates.io-index"
checksum = "826e7639553986605ec5979c7dd957c7895e93eabed50ab2ffa7f6128a75097c"
